{
  "version": 4,
  "terraform_version": "1.11.2",
  "serial": 1,
  "lineage": "f2d9e4f2-a646-0c99-e7e1-725ff3b76a27",
  "outputs": {},
  "resources": [
    {
      "mode": "managed",
      "type": "aws_vpc",
      "name": "main",
      "provider": "provider[\"registry.terraform.io/hashicorp/aws\"]",
      "instances": [
        {
          "schema_version": 1,
          "attributes": {
            "arn": "arn:aws:ec2:us-east-1:443370672158:vpc/vpc-0f83f5ab196d35726",
            "assign_generated_ipv6_cidr_block": false,
            "cidr_block": "10.0.0.0/16",
            "default_network_acl_id": "acl-0a3109af7ae72647d",
            "default_route_table_id": "rtb-0bd51b8c6fd1ee030",
            "default_security_group_id": "sg-035e361210ec03c29",
            "dhcp_options_id": "dopt-0d6da9b0a87c3cfae",
            "enable_dns_hostnames": true,
            "enable_dns_support": true,
            "enable_network_address_usage_metrics": false,
            "id": "vpc-0f83f5ab196d35726",
            "instance_tenancy": "default",
            "ipv4_ipam_pool_id": null,
            "ipv4_netmask_length": null,
            "ipv6_association_id": "",
            "ipv6_cidr_block": "",
            "ipv6_cidr_block_network_border_group": "",
            "ipv6_ipam_pool_id": "",
            "ipv6_netmask_length": 0,
            "main_route_table_id": "rtb-0bd51b8c6fd1ee030",
            "owner_id": "443370672158",
            "tags": {
              "Environment": "Ridchenko_HW14_dev",
              "Name": "vpc-Ridchenko_HW14_dev"
            },
            "tags_all": {
              "Environment": "Ridchenko_HW14_dev",
              "Name": "vpc-Ridchenko_HW14_dev"
            }
          },
          "sensitive_attributes": [],
          "private": "eyJzY2hlbWFfdmVyc2lvbiI6IjEifQ=="
        }
      ]
    }
  ],
  "check_results": null
}
