{
  "version": 4,
  "terraform_version": "1.11.2",
  "serial": 1,
  "lineage": "ec0996d9-ae60-00f9-80bc-b22e4ba18eaa",
  "outputs": {},
  "resources": [
    {
      "mode": "managed",
      "type": "aws_vpc",
      "name": "main",
      "provider": "provider[\"registry.terraform.io/hashicorp/aws\"]",
      "instances": [
        {
          "schema_version": 1,
          "attributes": {
            "arn": "arn:aws:ec2:us-east-1:443370672158:vpc/vpc-0e695e6634cfd3bb3",
            "assign_generated_ipv6_cidr_block": false,
            "cidr_block": "10.0.0.0/16",
            "default_network_acl_id": "acl-0ccb00c71ba1911a3",
            "default_route_table_id": "rtb-07b1986150079347c",
            "default_security_group_id": "sg-01fc37b29a08684bb",
            "dhcp_options_id": "dopt-0d6da9b0a87c3cfae",
            "enable_dns_hostnames": true,
            "enable_dns_support": true,
            "enable_network_address_usage_metrics": false,
            "id": "vpc-0e695e6634cfd3bb3",
            "instance_tenancy": "default",
            "ipv4_ipam_pool_id": null,
            "ipv4_netmask_length": null,
            "ipv6_association_id": "",
            "ipv6_cidr_block": "",
            "ipv6_cidr_block_network_border_group": "",
            "ipv6_ipam_pool_id": "",
            "ipv6_netmask_length": 0,
            "main_route_table_id": "rtb-07b1986150079347c",
            "owner_id": "443370672158",
            "tags": {
              "Environment": "dev",
              "Name": "vpc-dev"
            },
            "tags_all": {
              "Environment": "dev",
              "Name": "vpc-dev"
            }
          },
          "sensitive_attributes": [],
          "private": "eyJzY2hlbWFfdmVyc2lvbiI6IjEifQ=="
        }
      ]
    }
  ],
  "check_results": null
}
